
Microsoft Visual Studio Solution File, Format Version 12.00
# Visual Studio 15
VisualStudioVersion = 15.0.28307.1082
MinimumVisualStudioVersion = 10.0.40219.1
Project("{FAE04EC0-301F-11D3-BF4B-00C04F79EFBC}") = "TestTask", "TestTask\TestTask.csproj", "{48DB49E5-EDC3-424F-9EAD-3B73C9229752}"
EndProject
Global
	GlobalSection(SolutionConfigurationPlatforms) = preSolution
		Debug|Any CPU = Debug|Any CPU
		Release|Any CPU = Release|Any CPU
	EndGlobalSection
	GlobalSection(ProjectConfigurationPlatforms) = postSolution
		{48DB49E5-EDC3-424F-9EAD-3B73C9229752}.Debug|Any CPU.ActiveCfg = Debug|Any CPU
		{48DB49E5-EDC3-424F-9EAD-3B73C9229752}.Debug|Any CPU.Build.0 = Debug|Any CPU
		{48DB49E5-EDC3-424F-9EAD-3B73C9229752}.Release|Any CPU.ActiveCfg = Release|Any CPU
		{48DB49E5-EDC3-424F-9EAD-3B73C9229752}.Release|Any CPU.Build.0 = Release|Any CPU
	EndGlobalSection
	GlobalSection(SolutionProperties) = preSolution
		HideSolutionNode = FALSE
	EndGlobalSection
	GlobalSection(ExtensibilityGlobals) = postSolution
		SolutionGuid = {5F121896-6F4A-49C9-A7C7-1FA01710E11C}
	EndGlobalSection
EndGlobal
